# THIS IS AN AUTOGENERATED FILE. DO NOT EDIT THIS FILE DIRECTLY.
# yarn lockfile v1


bson@~1.0.4:
  version "1.0.5"
  resolved "https://registry.yarnpkg.com/bson/-/bson-1.0.5.tgz#34563b73ff1fde9387c1b9fb5afd845ecc4ba623"

foreachasync@^3.0.0:
  version "3.0.0"
  resolved "https://registry.yarnpkg.com/foreachasync/-/foreachasync-3.0.0.tgz#5502987dc8714be3392097f32e0071c9dee07cf6"

google-image-chart@latest:
  version "1.2.0"
  resolved "https://registry.yarnpkg.com/google-image-chart/-/google-image-chart-1.2.0.tgz#a88bf3d9ff162a318c0bb288d1e6f54946cea066"
  dependencies:
    mongodb latest
    underscore latest
    walk latest

mongodb-core@3.0.3:
  version "3.0.3"
  resolved "https://registry.yarnpkg.com/mongodb-core/-/mongodb-core-3.0.3.tgz#496d7dd0052dc3a2e213edf9ddcddc78b47a712c"
  dependencies:
    bson "~1.0.4"
    require_optional "^1.0.1"

mongodb@latest:
  version "3.0.3"
  resolved "https://registry.yarnpkg.com/mongodb/-/mongodb-3.0.3.tgz#83b33e01f26b4a2e1f8a2b3427cabbaee31df017"
  dependencies:
    mongodb-core "3.0.3"

require_optional@^1.0.1:
  version "1.0.1"
  resolved "https://registry.yarnpkg.com/require_optional/-/require_optional-1.0.1.tgz#4cf35a4247f64ca3df8c2ef208cc494b1ca8fc2e"
  dependencies:
    resolve-from "^2.0.0"
    semver "^5.1.0"

resolve-from@^2.0.0:
  version "2.0.0"
  resolved "https://registry.yarnpkg.com/resolve-from/-/resolve-from-2.0.0.tgz#9480ab20e94ffa1d9e80a804c7ea147611966b57"

semver@^5.1.0:
  version "5.5.0"
  resolved "https://registry.yarnpkg.com/semver/-/semver-5.5.0.tgz#dc4bbc7a6ca9d916dee5d43516f0092b58f7b8ab"

timeseries-analysis@^1.0.12:
  version "1.0.12"
  resolved "https://registry.yarnpkg.com/timeseries-analysis/-/timeseries-analysis-1.0.12.tgz#30e7d6226953e0ac270d0cc0644b4974ada06d85"
  dependencies:
    google-image-chart latest
    underscore latest

underscore@latest:
  version "1.8.3"
  resolved "https://registry.yarnpkg.com/underscore/-/underscore-1.8.3.tgz#4f3fb53b106e6097fcf9cb4109f2a5e9bdfa5022"

walk@latest:
  version "2.3.9"
  resolved "https://registry.yarnpkg.com/walk/-/walk-2.3.9.tgz#31b4db6678f2ae01c39ea9fb8725a9031e558a7b"
  dependencies:
    foreachasync "^3.0.0"
